
Microsoft Visual Studio Solution File, Format Version 12.00
# Visual Studio 2017
Project("{FAE04EC0-301F-11D3-BF4B-00C04F79EFBC}") = "testDOF", "testDOF.csproj", "{47C70C27-FE51-D1AA-8C2B-52D1C4822BAF}"
EndProject
Project("{FAE04EC0-301F-11D3-BF4B-00C04F79EFBC}") = "testDOF.Editor", "testDOF.Editor.csproj", "{433E117B-629B-92AD-2DB3-294FBB59D5A8}"
EndProject
Global
	GlobalSection(SolutionConfigurationPlatforms) = preSolution
		Debug|Any CPU = Debug|Any CPU
		Release|Any CPU = Release|Any CPU
	EndGlobalSection
	GlobalSection(ProjectConfigurationPlatforms) = postSolution
		{47C70C27-FE51-D1AA-8C2B-52D1C4822BAF}.Debug|Any CPU.ActiveCfg = Debug|Any CPU
		{47C70C27-FE51-D1AA-8C2B-52D1C4822BAF}.Debug|Any CPU.Build.0 = Debug|Any CPU
		{47C70C27-FE51-D1AA-8C2B-52D1C4822BAF}.Release|Any CPU.ActiveCfg = Release|Any CPU
		{47C70C27-FE51-D1AA-8C2B-52D1C4822BAF}.Release|Any CPU.Build.0 = Release|Any CPU
		{433E117B-629B-92AD-2DB3-294FBB59D5A8}.Debug|Any CPU.ActiveCfg = Debug|Any CPU
		{433E117B-629B-92AD-2DB3-294FBB59D5A8}.Debug|Any CPU.Build.0 = Debug|Any CPU
		{433E117B-629B-92AD-2DB3-294FBB59D5A8}.Release|Any CPU.ActiveCfg = Release|Any CPU
		{433E117B-629B-92AD-2DB3-294FBB59D5A8}.Release|Any CPU.Build.0 = Release|Any CPU
	EndGlobalSection
	GlobalSection(SolutionProperties) = preSolution
		HideSolutionNode = FALSE
	EndGlobalSection
EndGlobal
